
Microsoft Visual Studio Solution File, Format Version 12.00
# Visual Studio Version 16
VisualStudioVersion = 16.0.31129.286
MinimumVisualStudioVersion = 10.0.40219.1
Project("{FAE04EC0-301F-11D3-BF4B-00C04F79EFBC}") = "assignment3", "assignment3\assignment3.csproj", "{487D172E-B4EA-4E9B-BA6C-A9E9D88D6756}"
EndProject
Global
	GlobalSection(SolutionConfigurationPlatforms) = preSolution
		Debug|Any CPU = Debug|Any CPU
		Release|Any CPU = Release|Any CPU
	EndGlobalSection
	GlobalSection(ProjectConfigurationPlatforms) = postSolution
		{487D172E-B4EA-4E9B-BA6C-A9E9D88D6756}.Debug|Any CPU.ActiveCfg = Debug|Any CPU
		{487D172E-B4EA-4E9B-BA6C-A9E9D88D6756}.Debug|Any CPU.Build.0 = Debug|Any CPU
		{487D172E-B4EA-4E9B-BA6C-A9E9D88D6756}.Release|Any CPU.ActiveCfg = Release|Any CPU
		{487D172E-B4EA-4E9B-BA6C-A9E9D88D6756}.Release|Any CPU.Build.0 = Release|Any CPU
	EndGlobalSection
	GlobalSection(SolutionProperties) = preSolution
		HideSolutionNode = FALSE
	EndGlobalSection
	GlobalSection(ExtensibilityGlobals) = postSolution
		SolutionGuid = {255E37BA-B7E2-4667-8520-FAF525D93826}
	EndGlobalSection
EndGlobal
